
Microsoft Visual Studio Solution File, Format Version 12.00
# Visual Studio Version 16
VisualStudioVersion = 16.0.33214.272
MinimumVisualStudioVersion = 10.0.40219.1
Project("{FAE04EC0-301F-11D3-BF4B-00C04F79EFBC}") = "UWP_MedlinkApp", "UWP_MedlinkApp\UWP_MedlinkApp.csproj", "{B6723AE3-4CB0-4DBB-8DED-7B25FC6825BF}"
EndProject
Project("{FAE04EC0-301F-11D3-BF4B-00C04F79EFBC}") = "DBLib", "DBLib\DBLib.csproj", "{5BD34E57-3C99-4190-93A7-90A8DE70BC17}"
EndProject
Global
	GlobalSection(SolutionConfigurationPlatforms) = preSolution
		Debug|Any CPU = Debug|Any CPU
		Debug|ARM = Debug|ARM
		Debug|ARM64 = Debug|ARM64
		Debug|x64 = Debug|x64
		Debug|x86 = Debug|x86
		Release|Any CPU = Release|Any CPU
		Release|ARM = Release|ARM
		Release|ARM64 = Release|ARM64
		Release|x64 = Release|x64
		Release|x86 = Release|x86
	EndGlobalSection
	GlobalSection(ProjectConfigurationPlatforms) = postSolution
		{B6723AE3-4CB0-4DBB-8DED-7B25FC6825BF}.Debug|Any CPU.ActiveCfg = Debug|x86
		{B6723AE3-4CB0-4DBB-8DED-7B25FC6825BF}.Debug|ARM.ActiveCfg = Debug|ARM
		{B6723AE3-4CB0-4DBB-8DED-7B25FC6825BF}.Debug|ARM.Build.0 = Debug|ARM
		{B6723AE3-4CB0-4DBB-8DED-7B25FC6825BF}.Debug|ARM.Deploy.0 = Debug|ARM
		{B6723AE3-4CB0-4DBB-8DED-7B25FC6825BF}.Debug|ARM64.ActiveCfg = Debug|ARM64
		{B6723AE3-4CB0-4DBB-8DED-7B25FC6825BF}.Debug|ARM64.Build.0 = Debug|ARM64
		{B6723AE3-4CB0-4DBB-8DED-7B25FC6825BF}.Debug|ARM64.Deploy.0 = Debug|ARM64
		{B6723AE3-4CB0-4DBB-8DED-7B25FC6825BF}.Debug|x64.ActiveCfg = Debug|x64
		{B6723AE3-4CB0-4DBB-8DED-7B25FC6825BF}.Debug|x64.Build.0 = Debug|x64
		{B6723AE3-4CB0-4DBB-8DED-7B25FC6825BF}.Debug|x64.Deploy.0 = Debug|x64
		{B6723AE3-4CB0-4DBB-8DED-7B25FC6825BF}.Debug|x86.ActiveCfg = Debug|x86
		{B6723AE3-4CB0-4DBB-8DED-7B25FC6825BF}.Debug|x86.Build.0 = Debug|x86
		{B6723AE3-4CB0-4DBB-8DED-7B25FC6825BF}.Debug|x86.Deploy.0 = Debug|x86
		{B6723AE3-4CB0-4DBB-8DED-7B25FC6825BF}.Release|Any CPU.ActiveCfg = Release|x86
		{B6723AE3-4CB0-4DBB-8DED-7B25FC6825BF}.Release|ARM.ActiveCfg = Release|ARM
		{B6723AE3-4CB0-4DBB-8DED-7B25FC6825BF}.Release|ARM.Build.0 = Release|ARM
		{B6723AE3-4CB0-4DBB-8DED-7B25FC6825BF}.Release|ARM.Deploy.0 = Release|ARM
		{B6723AE3-4CB0-4DBB-8DED-7B25FC6825BF}.Release|ARM64.ActiveCfg = Release|ARM64
		{B6723AE3-4CB0-4DBB-8DED-7B25FC6825BF}.Release|ARM64.Build.0 = Release|ARM64
		{B6723AE3-4CB0-4DBB-8DED-7B25FC6825BF}.Release|ARM64.Deploy.0 = Release|ARM64
		{B6723AE3-4CB0-4DBB-8DED-7B25FC6825BF}.Release|x64.ActiveCfg = Release|x64
		{B6723AE3-4CB0-4DBB-8DED-7B25FC6825BF}.Release|x64.Build.0 = Release|x64
		{B6723AE3-4CB0-4DBB-8DED-7B25FC6825BF}.Release|x64.Deploy.0 = Release|x64
		{B6723AE3-4CB0-4DBB-8DED-7B25FC6825BF}.Release|x86.ActiveCfg = Release|x86
		{B6723AE3-4CB0-4DBB-8DED-7B25FC6825BF}.Release|x86.Build.0 = Release|x86
		{B6723AE3-4CB0-4DBB-8DED-7B25FC6825BF}.Release|x86.Deploy.0 = Release|x86
		{5BD34E57-3C99-4190-93A7-90A8DE70BC17}.Debug|Any CPU.ActiveCfg = Debug|Any CPU
		{5BD34E57-3C99-4190-93A7-90A8DE70BC17}.Debug|Any CPU.Build.0 = Debug|Any CPU
		{5BD34E57-3C99-4190-93A7-90A8DE70BC17}.Debug|ARM.ActiveCfg = Debug|ARM
		{5BD34E57-3C99-4190-93A7-90A8DE70BC17}.Debug|ARM.Build.0 = Debug|ARM
		{5BD34E57-3C99-4190-93A7-90A8DE70BC17}.Debug|ARM64.ActiveCfg = Debug|ARM64
		{5BD34E57-3C99-4190-93A7-90A8DE70BC17}.Debug|ARM64.Build.0 = Debug|ARM64
		{5BD34E57-3C99-4190-93A7-90A8DE70BC17}.Debug|x64.ActiveCfg = Debug|x64
		{5BD34E57-3C99-4190-93A7-90A8DE70BC17}.Debug|x64.Build.0 = Debug|x64
		{5BD34E57-3C99-4190-93A7-90A8DE70BC17}.Debug|x86.ActiveCfg = Debug|x86
		{5BD34E57-3C99-4190-93A7-90A8DE70BC17}.Debug|x86.Build.0 = Debug|x86
		{5BD34E57-3C99-4190-93A7-90A8DE70BC17}.Release|Any CPU.ActiveCfg = Release|Any CPU
		{5BD34E57-3C99-4190-93A7-90A8DE70BC17}.Release|Any CPU.Build.0 = Release|Any CPU
		{5BD34E57-3C99-4190-93A7-90A8DE70BC17}.Release|ARM.ActiveCfg = Release|ARM
		{5BD34E57-3C99-4190-93A7-90A8DE70BC17}.Release|ARM.Build.0 = Release|ARM
		{5BD34E57-3C99-4190-93A7-90A8DE70BC17}.Release|ARM64.ActiveCfg = Release|ARM64
		{5BD34E57-3C99-4190-93A7-90A8DE70BC17}.Release|ARM64.Build.0 = Release|ARM64
		{5BD34E57-3C99-4190-93A7-90A8DE70BC17}.Release|x64.ActiveCfg = Release|x64
		{5BD34E57-3C99-4190-93A7-90A8DE70BC17}.Release|x64.Build.0 = Release|x64
		{5BD34E57-3C99-4190-93A7-90A8DE70BC17}.Release|x86.ActiveCfg = Release|x86
		{5BD34E57-3C99-4190-93A7-90A8DE70BC17}.Release|x86.Build.0 = Release|x86
	EndGlobalSection
	GlobalSection(SolutionProperties) = preSolution
		HideSolutionNode = FALSE
	EndGlobalSection
	GlobalSection(ExtensibilityGlobals) = postSolution
		SolutionGuid = {E14A8D8C-A1A6-4E24-87A7-F6476009261A}
	EndGlobalSection
EndGlobal
